Microsoft Visual Studio Solution File, Format Version 12.00
# Visual Studio 14
VisualStudioVersion = 14.0.25420.1
MinimumVisualStudioVersion = 10.0.40219.1
Project("{2150E333-8FDC-42A3-9474-1A3956D46DE8}") = "Services", "Services", "{9C9EBCCD-40A5-437A-BB6A-7C3978EEA9F3}"
EndProject
Project("{FAE04EC0-301F-11D3-BF4B-00C04F79EFBC}") = "Ey.Services", "Ey.Services\Ey.Services.csproj", "{1CA3E23E-D17A-4E38-A00B-E7D06E191D87}"
EndProject
Project("{FAE04EC0-301F-11D3-BF4B-00C04F79EFBC}") = "Ey.Common", "Ey.Common\Ey.Common.csproj", "{618FAE1E-9D7A-4991-9754-66124516ABB7}"
EndProject
Project("{FAE04EC0-301F-11D3-BF4B-00C04F79EFBC}") = "Ey.Model", "Ey.Model\Ey.Model.csproj", "{2E859A04-81BF-48AC-B1D9-0726DDA794B5}"
EndProject
Project("{FAE04EC0-301F-11D3-BF4B-00C04F79EFBC}") = "Ey.DatabaseServices", "Ey.DatabaseServices\Ey.DatabaseServices.csproj", "{3187603F-9E05-474C-953C-C8F2692B434E}"
EndProject
Project("{2150E333-8FDC-42A3-9474-1A3956D46DE8}") = "Business", "Business", "{C7DF89C8-2E49-4654-B40E-C772FE5A04EE}"
EndProject
Project("{2150E333-8FDC-42A3-9474-1A3956D46DE8}") = "Helpers", "Helpers", "{882DFC76-1DCC-4191-A297-4E04913A45A4}"
EndProject
Project("{2150E333-8FDC-42A3-9474-1A3956D46DE8}") = "Model", "Model", "{362096CF-391A-49B4-A619-3696D0ADA5E8}"
EndProject
Project("{2150E333-8FDC-42A3-9474-1A3956D46DE8}") = ".nuget", ".nuget", "{AB7FD271-5988-4247-AE75-0A83C0239C7E}"
	ProjectSection(SolutionItems) = preProject
		.nuget\NuGet.Config = .nuget\NuGet.Config
		.nuget\NuGet.exe = .nuget\NuGet.exe
		.nuget\NuGet.targets = .nuget\NuGet.targets
	EndProjectSection
EndProject
Project("{FAE04EC0-301F-11D3-BF4B-00C04F79EFBC}") = "Ey.Booking.Api", "Ey.Booking.Api\Ey.Booking.Api.csproj", "{71553FEC-4E0E-45A0-9087-50FCEB681C2D}"
EndProject
Project("{FAE04EC0-301F-11D3-BF4B-00C04F79EFBC}") = "Ey.Business", "Ey.Business\Ey.Business.csproj", "{424DC396-A4C1-4D1C-A5B3-A794A8266509}"
EndProject
Global
	GlobalSection(SolutionConfigurationPlatforms) = preSolution
		Debug|Any CPU = Debug|Any CPU
		Release|Any CPU = Release|Any CPU
	EndGlobalSection
	GlobalSection(ProjectConfigurationPlatforms) = postSolution
		{1CA3E23E-D17A-4E38-A00B-E7D06E191D87}.Debug|Any CPU.ActiveCfg = Debug|Any CPU
		{1CA3E23E-D17A-4E38-A00B-E7D06E191D87}.Debug|Any CPU.Build.0 = Debug|Any CPU
		{1CA3E23E-D17A-4E38-A00B-E7D06E191D87}.Release|Any CPU.ActiveCfg = Release|Any CPU
		{1CA3E23E-D17A-4E38-A00B-E7D06E191D87}.Release|Any CPU.Build.0 = Release|Any CPU
		{618FAE1E-9D7A-4991-9754-66124516ABB7}.Debug|Any CPU.ActiveCfg = Debug|Any CPU
		{618FAE1E-9D7A-4991-9754-66124516ABB7}.Debug|Any CPU.Build.0 = Debug|Any CPU
		{618FAE1E-9D7A-4991-9754-66124516ABB7}.Release|Any CPU.ActiveCfg = Release|Any CPU
		{618FAE1E-9D7A-4991-9754-66124516ABB7}.Release|Any CPU.Build.0 = Release|Any CPU
		{2E859A04-81BF-48AC-B1D9-0726DDA794B5}.Debug|Any CPU.ActiveCfg = Debug|Any CPU
		{2E859A04-81BF-48AC-B1D9-0726DDA794B5}.Debug|Any CPU.Build.0 = Debug|Any CPU
		{2E859A04-81BF-48AC-B1D9-0726DDA794B5}.Release|Any CPU.ActiveCfg = Release|Any CPU
		{2E859A04-81BF-48AC-B1D9-0726DDA794B5}.Release|Any CPU.Build.0 = Release|Any CPU
		{3187603F-9E05-474C-953C-C8F2692B434E}.Debug|Any CPU.ActiveCfg = Debug|Any CPU
		{3187603F-9E05-474C-953C-C8F2692B434E}.Debug|Any CPU.Build.0 = Debug|Any CPU
		{3187603F-9E05-474C-953C-C8F2692B434E}.Release|Any CPU.ActiveCfg = Release|Any CPU
		{3187603F-9E05-474C-953C-C8F2692B434E}.Release|Any CPU.Build.0 = Release|Any CPU
		{71553FEC-4E0E-45A0-9087-50FCEB681C2D}.Debug|Any CPU.ActiveCfg = Debug|Any CPU
		{71553FEC-4E0E-45A0-9087-50FCEB681C2D}.Debug|Any CPU.Build.0 = Debug|Any CPU
		{71553FEC-4E0E-45A0-9087-50FCEB681C2D}.Release|Any CPU.ActiveCfg = Release|Any CPU
		{71553FEC-4E0E-45A0-9087-50FCEB681C2D}.Release|Any CPU.Build.0 = Release|Any CPU
		{424DC396-A4C1-4D1C-A5B3-A794A8266509}.Debug|Any CPU.ActiveCfg = Debug|Any CPU
		{424DC396-A4C1-4D1C-A5B3-A794A8266509}.Debug|Any CPU.Build.0 = Debug|Any CPU
		{424DC396-A4C1-4D1C-A5B3-A794A8266509}.Release|Any CPU.ActiveCfg = Release|Any CPU
		{424DC396-A4C1-4D1C-A5B3-A794A8266509}.Release|Any CPU.Build.0 = Release|Any CPU
	EndGlobalSection
	GlobalSection(SolutionProperties) = preSolution
		HideSolutionNode = FALSE
	EndGlobalSection
	GlobalSection(NestedProjects) = preSolution
		{1CA3E23E-D17A-4E38-A00B-E7D06E191D87} = {9C9EBCCD-40A5-437A-BB6A-7C3978EEA9F3}
		{618FAE1E-9D7A-4991-9754-66124516ABB7} = {882DFC76-1DCC-4191-A297-4E04913A45A4}
		{2E859A04-81BF-48AC-B1D9-0726DDA794B5} = {362096CF-391A-49B4-A619-3696D0ADA5E8}
		{3187603F-9E05-474C-953C-C8F2692B434E} = {9C9EBCCD-40A5-437A-BB6A-7C3978EEA9F3}
		{424DC396-A4C1-4D1C-A5B3-A794A8266509} = {C7DF89C8-2E49-4654-B40E-C772FE5A04EE}
	EndGlobalSection
	GlobalSection(TestCaseManagementSettings) = postSolution
		CategoryFile = Ey.Booking.vsmdi
	EndGlobalSection
EndGlobal
